// !$*UTF8*$!
{
	archiveVersion = 1;
	classes = {
	};
	objectVersion = 50;
	objects = {

/* Begin PBXBuildFile section */
		1C88EE8F22D3A91400A2EF7A /* glMatrix4x4.cpp in Sources */ = {isa = PBXBuildFile; fileRef = 1C88EE2C22D3A91400A2EF7A /* glMatrix4x4.cpp */; };
		1C88EE9722D3A91400A2EF7A /* SCMenuScene.cpp in Sources */ = {isa = PBXBuildFile; fileRef = 1C88EE4022D3A91400A2EF7A /* SCMenuScene.cpp */; };
		1C88EE9822D3A91400A2EF7A /* BasePathExtraction.cpp in Sources */ = {isa = PBXBuildFile; fileRef = 1C88EE4222D3A91400A2EF7A /* BasePathExtraction.cpp */; };
		1C88EE9922D3A91400A2EF7A /* SCSettingsScene.cpp in Sources */ = {isa = PBXBuildFile; fileRef = 1C88EE4422D3A91400A2EF7A /* SCSettingsScene.cpp */; };
		1C88EE9A22D3A91400A2EF7A /* SCNewGameScene.cpp in Sources */ = {isa = PBXBuildFile; fileRef = 1C88EE4522D3A91400A2EF7A /* SCNewGameScene.cpp */; };
		1C88EE9B22D3A91400A2EF7A /* SCRenderScene.cpp in Sources */ = {isa = PBXBuildFile; fileRef = 1C88EE4822D3A91400A2EF7A /* SCRenderScene.cpp */; };
		1C88EE9D22D3A91400A2EF7A /* DarwinTimer.cpp in Sources */ = {isa = PBXBuildFile; fileRef = 1C88EE4F22D3A91400A2EF7A /* DarwinTimer.cpp */; };
		1C88EE9F22D3A91400A2EF7A /* GameTimer.cpp in Sources */ = {isa = PBXBuildFile; fileRef = 1C88EE5322D3A91400A2EF7A /* GameTimer.cpp */; };
		1C88EEA022D3A91400A2EF7A /* SCSceneManager.cpp in Sources */ = {isa = PBXBuildFile; fileRef = 1C88EE5622D3A91400A2EF7A /* SCSceneManager.cpp */; };
		1C88EEA122D3A91400A2EF7A /* xMath.cpp in Sources */ = {isa = PBXBuildFile; fileRef = 1C88EE5F22D3A91400A2EF7A /* xMath.cpp */; };
		1C88EEA222D3A91400A2EF7A /* xVec3.cpp in Sources */ = {isa = PBXBuildFile; fileRef = 1C88EE6722D3A91400A2EF7A /* xVec3.cpp */; };
		1C88EEA322D3A91400A2EF7A /* SCDisplay.cpp in Sources */ = {isa = PBXBuildFile; fileRef = 1C88EE6C22D3A91400A2EF7A /* SCDisplay.cpp */; };
		1C88EEA422D3A91400A2EF7A /* SCSparkles.cpp in Sources */ = {isa = PBXBuildFile; fileRef = 1C88EE6D22D3A91400A2EF7A /* SCSparkles.cpp */; };
		1C88EEA522D3A91400A2EF7A /* glTextureLoader.cpp in Sources */ = {isa = PBXBuildFile; fileRef = 1C88EE7022D3A91400A2EF7A /* glTextureLoader.cpp */; };
		1C88EEA622D3A91400A2EF7A /* SCGLFWDisplay.cpp in Sources */ = {isa = PBXBuildFile; fileRef = 1C88EE7322D3A91400A2EF7A /* SCGLFWDisplay.cpp */; };
		1C88EEA722D3A91400A2EF7A /* SCEntity.cpp in Sources */ = {isa = PBXBuildFile; fileRef = 1C88EE7522D3A91400A2EF7A /* SCEntity.cpp */; };
		1C88EEA822D3A91400A2EF7A /* SCGLFWInput.cpp in Sources */ = {isa = PBXBuildFile; fileRef = 1C88EE7722D3A91400A2EF7A /* SCGLFWInput.cpp */; };
		1C88EEA922D3A91400A2EF7A /* ShaderProgram.cpp in Sources */ = {isa = PBXBuildFile; fileRef = 1C88EE7A22D3A91400A2EF7A /* ShaderProgram.cpp */; };
		1C88EEAA22D3A91400A2EF7A /* SCAudio.cpp in Sources */ = {isa = PBXBuildFile; fileRef = 1C88EE7B22D3A91400A2EF7A /* SCAudio.cpp */; };
		1C88EEAC22D3A91400A2EF7A /* SCSettings.cpp in Sources */ = {isa = PBXBuildFile; fileRef = 1C88EE8522D3A91400A2EF7A /* SCSettings.cpp */; };
		1C88EEAD22D3A91400A2EF7A /* SCOpenGLRenderer.cpp in Sources */ = {isa = PBXBuildFile; fileRef = 1C88EE8822D3A91400A2EF7A /* SCOpenGLRenderer.cpp */; };
		1C88EEAE22D3A91400A2EF7A /* Core-pch.cpp in Sources */ = {isa = PBXBuildFile; fileRef = 1C88EE8922D3A91400A2EF7A /* Core-pch.cpp */; };
		1C88EEAF22D3A91400A2EF7A /* SCApplication.cpp in Sources */ = {isa = PBXBuildFile; fileRef = 1C88EE8A22D3A91400A2EF7A /* SCApplication.cpp */; };
		1C88EEB122D3A9A200A2EF7A /* SagaCross.cpp in Sources */ = {isa = PBXBuildFile; fileRef = 1C88EEB022D3A9A200A2EF7A /* SagaCross.cpp */; };
		1C88EEB422D3AAB200A2EF7A /* OpenGL.framework in Frameworks */ = {isa = PBXBuildFile; fileRef = 1C88EEB322D3AAB200A2EF7A /* OpenGL.framework */; };
		1C88EEB722D3AAF800A2EF7A /* libfmodL.dylib in Frameworks */ = {isa = PBXBuildFile; fileRef = 1C88EEB522D3AAF800A2EF7A /* libfmodL.dylib */; };
		1C88EEB822D3AAF800A2EF7A /* libfmod.dylib in Frameworks */ = {isa = PBXBuildFile; fileRef = 1C88EEB622D3AAF800A2EF7A /* libfmod.dylib */; };
		1C88EEBA22D3B9E100A2EF7A /* SCVehicle.cpp in Sources */ = {isa = PBXBuildFile; fileRef = 1C88EEB922D3B9E100A2EF7A /* SCVehicle.cpp */; };
		1C88EEBC22D3C17200A2EF7A /* SCTank.cpp in Sources */ = {isa = PBXBuildFile; fileRef = 1C88EEBB22D3C17200A2EF7A /* SCTank.cpp */; };
		1C88EEBE22D3C75600A2EF7A /* libGLEW.a in Frameworks */ = {isa = PBXBuildFile; fileRef = 1C88EEBD22D3C75600A2EF7A /* libGLEW.a */; };
		1C88EEC022D3C75A00A2EF7A /* libglfw3.a in Frameworks */ = {isa = PBXBuildFile; fileRef = 1C88EEBF22D3C75A00A2EF7A /* libglfw3.a */; };
		1C88EEC222D3C7D500A2EF7A /* Cocoa.framework in Frameworks */ = {isa = PBXBuildFile; fileRef = 1C88EEC122D3C7D500A2EF7A /* Cocoa.framework */; };
		1C88EEC422D3C7E300A2EF7A /* IOKit.framework in Frameworks */ = {isa = PBXBuildFile; fileRef = 1C88EEC322D3C7E300A2EF7A /* IOKit.framework */; };
		1C88EEC622D3C7EB00A2EF7A /* CoreVideo.framework in Frameworks */ = {isa = PBXBuildFile; fileRef = 1C88EEC522D3C7EB00A2EF7A /* CoreVideo.framework */; };
		1C88EEC822D3EED500A2EF7A /* SCRenderer.cpp in Sources */ = {isa = PBXBuildFile; fileRef = 1C88EEC722D3EED500A2EF7A /* SCRenderer.cpp */; };
		1C88EECD22D6219300A2EF7A /* libfmod.dylib in CopyFiles */ = {isa = PBXBuildFile; fileRef = 1C88EEB622D3AAF800A2EF7A /* libfmod.dylib */; settings = {ATTRIBUTES = (CodeSignOnCopy, ); }; };
		1C88EECE22D6219400A2EF7A /* libfmodL.dylib in CopyFiles */ = {isa = PBXBuildFile; fileRef = 1C88EEB522D3AAF800A2EF7A /* libfmodL.dylib */; settings = {ATTRIBUTES = (CodeSignOnCopy, ); }; };
		1CDAD2CA22E34D4200E07043 /* SCDebugScene.cpp in Sources */ = {isa = PBXBuildFile; fileRef = 1CDAD2C822E34D4100E07043 /* SCDebugScene.cpp */; };
/* End PBXBuildFile section */

/* Begin PBXCopyFilesBuildPhase section */
		1C88EE1A22D39F9800A2EF7A /* CopyFiles */ = {
			isa = PBXCopyFilesBuildPhase;
			buildActionMask = 12;
			dstPath = "";
			dstSubfolderSpec = 10;
			files = (
				1C88EECD22D6219300A2EF7A /* libfmod.dylib in CopyFiles */,
				1C88EECE22D6219400A2EF7A /* libfmodL.dylib in CopyFiles */,
			);
			runOnlyForDeploymentPostprocessing = 0;
		};
/* End PBXCopyFilesBuildPhase section */

/* Begin PBXFileReference section */
		1C88EE1C22D39F9800A2EF7A /* SagaCross */ = {isa = PBXFileReference; explicitFileType = "compiled.mach-o.executable"; includeInIndex = 0; path = SagaCross; sourceTree = BUILT_PRODUCTS_DIR; };
		1C88EE2722D3A91400A2EF7A /* SCFastWaterMesh.h */ = {isa = PBXFileReference; fileEncoding = 4; lastKnownFileType = sourcecode.c.h; path = SCFastWaterMesh.h; sourceTree = "<group>"; };
		1C88EE2822D3A91400A2EF7A /* SCVehicle.hpp */ = {isa = PBXFileReference; fileEncoding = 4; lastKnownFileType = sourcecode.cpp.h; path = SCVehicle.hpp; sourceTree = "<group>"; };
		1C88EE2922D3A91400A2EF7A /* SCTank.h */ = {isa = PBXFileReference; fileEncoding = 4; lastKnownFileType = sourcecode.c.h; path = SCTank.h; sourceTree = "<group>"; };
		1C88EE2A22D3A91400A2EF7A /* SCSphere.h */ = {isa = PBXFileReference; fileEncoding = 4; lastKnownFileType = sourcecode.c.h; path = SCSphere.h; sourceTree = "<group>"; };
		1C88EE2B22D3A91400A2EF7A /* SCCamera.h */ = {isa = PBXFileReference; fileEncoding = 4; lastKnownFileType = sourcecode.c.h; path = SCCamera.h; sourceTree = "<group>"; };
		1C88EE2C22D3A91400A2EF7A /* glMatrix4x4.cpp */ = {isa = PBXFileReference; fileEncoding = 4; lastKnownFileType = sourcecode.cpp.cpp; path = glMatrix4x4.cpp; sourceTree = "<group>"; };
		1C88EE2D22D3A91400A2EF7A /* SCRandomMeshPoint.h */ = {isa = PBXFileReference; fileEncoding = 4; lastKnownFileType = sourcecode.c.h; path = SCRandomMeshPoint.h; sourceTree = "<group>"; };
		1C88EE2E22D3A91400A2EF7A /* SCRendererInterface.h */ = {isa = PBXFileReference; fileEncoding = 4; lastKnownFileType = sourcecode.c.h; path = SCRendererInterface.h; sourceTree = "<group>"; };
		1C88EE3822D3A91400A2EF7A /* SCApplication.h */ = {isa = PBXFileReference; fileEncoding = 4; lastKnownFileType = sourcecode.c.h; path = SCApplication.h; sourceTree = "<group>"; };
		1C88EE3922D3A91400A2EF7A /* SCMeshInstanceManager.h */ = {isa = PBXFileReference; fileEncoding = 4; lastKnownFileType = sourcecode.c.h; path = SCMeshInstanceManager.h; sourceTree = "<group>"; };
		1C88EE3A22D3A91400A2EF7A /* SCFastMesh.h */ = {isa = PBXFileReference; fileEncoding = 4; lastKnownFileType = sourcecode.c.h; path = SCFastMesh.h; sourceTree = "<group>"; };
		1C88EE3B22D3A91400A2EF7A /* SCGLFWDisplay.h */ = {isa = PBXFileReference; fileEncoding = 4; lastKnownFileType = sourcecode.c.h; path = SCGLFWDisplay.h; sourceTree = "<group>"; };
		1C88EE3C22D3A91400A2EF7A /* SCSparkles.h */ = {isa = PBXFileReference; fileEncoding = 4; lastKnownFileType = sourcecode.c.h; path = SCSparkles.h; sourceTree = "<group>"; };
		1C88EE3D22D3A91400A2EF7A /* SCBaseScene.hpp */ = {isa = PBXFileReference; fileEncoding = 4; lastKnownFileType = sourcecode.cpp.h; path = SCBaseScene.hpp; sourceTree = "<group>"; };
		1C88EE3E22D3A91400A2EF7A /* SCDisplay.h */ = {isa = PBXFileReference; fileEncoding = 4; lastKnownFileType = sourcecode.c.h; path = SCDisplay.h; sourceTree = "<group>"; };
		1C88EE3F22D3A91400A2EF7A /* json.hpp */ = {isa = PBXFileReference; fileEncoding = 4; lastKnownFileType = sourcecode.cpp.h; path = json.hpp; sourceTree = "<group>"; };
		1C88EE4022D3A91400A2EF7A /* SCMenuScene.cpp */ = {isa = PBXFileReference; fileEncoding = 4; lastKnownFileType = sourcecode.cpp.cpp; path = SCMenuScene.cpp; sourceTree = "<group>"; };
		1C88EE4122D3A91400A2EF7A /* Core-pch.hpp */ = {isa = PBXFileReference; fileEncoding = 4; lastKnownFileType = sourcecode.cpp.h; path = "Core-pch.hpp"; sourceTree = "<group>"; };
		1C88EE4222D3A91400A2EF7A /* BasePathExtraction.cpp */ = {isa = PBXFileReference; fileEncoding = 4; lastKnownFileType = sourcecode.cpp.cpp; path = BasePathExtraction.cpp; sourceTree = "<group>"; };
		1C88EE4322D3A91400A2EF7A /* growable_array.h */ = {isa = PBXFileReference; fileEncoding = 4; lastKnownFileType = sourcecode.c.h; path = growable_array.h; sourceTree = "<group>"; };
		1C88EE4422D3A91400A2EF7A /* SCSettingsScene.cpp */ = {isa = PBXFileReference; fileEncoding = 4; lastKnownFileType = sourcecode.cpp.cpp; path = SCSettingsScene.cpp; sourceTree = "<group>"; };
		1C88EE4522D3A91400A2EF7A /* SCNewGameScene.cpp */ = {isa = PBXFileReference; fileEncoding = 4; lastKnownFileType = sourcecode.cpp.cpp; path = SCNewGameScene.cpp; sourceTree = "<group>"; };
		1C88EE4622D3A91400A2EF7A /* SCGLFWInput.h */ = {isa = PBXFileReference; fileEncoding = 4; lastKnownFileType = sourcecode.c.h; path = SCGLFWInput.h; sourceTree = "<group>"; };
		1C88EE4722D3A91400A2EF7A /* SCFrustum.hpp */ = {isa = PBXFileReference; fileEncoding = 4; lastKnownFileType = sourcecode.cpp.h; path = SCFrustum.hpp; sourceTree = "<group>"; };
		1C88EE4822D3A91400A2EF7A /* SCRenderScene.cpp */ = {isa = PBXFileReference; fileEncoding = 4; lastKnownFileType = sourcecode.cpp.cpp; path = SCRenderScene.cpp; sourceTree = "<group>"; };
		1C88EE4922D3A91400A2EF7A /* glTextureLoader.hpp */ = {isa = PBXFileReference; fileEncoding = 4; lastKnownFileType = sourcecode.cpp.h; path = glTextureLoader.hpp; sourceTree = "<group>"; };
		1C88EE4A22D3A91400A2EF7A /* SCRenderable.h */ = {isa = PBXFileReference; fileEncoding = 4; lastKnownFileType = sourcecode.c.h; path = SCRenderable.h; sourceTree = "<group>"; };
		1C88EE4B22D3A91400A2EF7A /* nuklear.h */ = {isa = PBXFileReference; fileEncoding = 4; lastKnownFileType = sourcecode.c.h; path = nuklear.h; sourceTree = "<group>"; };
		1C88EE4D22D3A91400A2EF7A /* GameTimer.hpp */ = {isa = PBXFileReference; fileEncoding = 4; lastKnownFileType = sourcecode.cpp.h; path = GameTimer.hpp; sourceTree = "<group>"; };
		1C88EE4F22D3A91400A2EF7A /* DarwinTimer.cpp */ = {isa = PBXFileReference; fileEncoding = 4; lastKnownFileType = sourcecode.cpp.cpp; path = DarwinTimer.cpp; sourceTree = "<group>"; };
		1C88EE5122D3A91400A2EF7A /* DarwinTimer.hpp */ = {isa = PBXFileReference; fileEncoding = 4; lastKnownFileType = sourcecode.cpp.h; path = DarwinTimer.hpp; sourceTree = "<group>"; };
		1C88EE5322D3A91400A2EF7A /* GameTimer.cpp */ = {isa = PBXFileReference; fileEncoding = 4; lastKnownFileType = sourcecode.cpp.cpp; path = GameTimer.cpp; sourceTree = "<group>"; };
		1C88EE5522D3A91400A2EF7A /* SCHeightMap.h */ = {isa = PBXFileReference; fileEncoding = 4; lastKnownFileType = sourcecode.c.h; path = SCHeightMap.h; sourceTree = "<group>"; };
		1C88EE5622D3A91400A2EF7A /* SCSceneManager.cpp */ = {isa = PBXFileReference; fileEncoding = 4; lastKnownFileType = sourcecode.cpp.cpp; path = SCSceneManager.cpp; sourceTree = "<group>"; };
		1C88EE5722D3A91400A2EF7A /* SCFastAnimatedMesh.h */ = {isa = PBXFileReference; fileEncoding = 4; lastKnownFileType = sourcecode.c.h; path = SCFastAnimatedMesh.h; sourceTree = "<group>"; };
		1C88EE5822D3A91400A2EF7A /* ShaderProgram.hpp */ = {isa = PBXFileReference; fileEncoding = 4; lastKnownFileType = sourcecode.cpp.h; path = ShaderProgram.hpp; sourceTree = "<group>"; };
		1C88EE5922D3A91400A2EF7A /* SCFastOceanMesh.h */ = {isa = PBXFileReference; fileEncoding = 4; lastKnownFileType = sourcecode.c.h; path = SCFastOceanMesh.h; sourceTree = "<group>"; };
		1C88EE5B22D3A91400A2EF7A /* xMath.h */ = {isa = PBXFileReference; fileEncoding = 4; lastKnownFileType = sourcecode.c.h; path = xMath.h; sourceTree = "<group>"; };
		1C88EE5C22D3A91400A2EF7A /* xSimpleTypes.h */ = {isa = PBXFileReference; fileEncoding = 4; lastKnownFileType = sourcecode.c.h; path = xSimpleTypes.h; sourceTree = "<group>"; };
		1C88EE5D22D3A91400A2EF7A /* xPlane.h */ = {isa = PBXFileReference; fileEncoding = 4; lastKnownFileType = sourcecode.c.h; path = xPlane.h; sourceTree = "<group>"; };
		1C88EE5E22D3A91400A2EF7A /* xQuat.h */ = {isa = PBXFileReference; fileEncoding = 4; lastKnownFileType = sourcecode.c.h; path = xQuat.h; sourceTree = "<group>"; };
		1C88EE5F22D3A91400A2EF7A /* xMath.cpp */ = {isa = PBXFileReference; fileEncoding = 4; lastKnownFileType = sourcecode.cpp.cpp; path = xMath.cpp; sourceTree = "<group>"; };
		1C88EE6022D3A91400A2EF7A /* xf.h */ = {isa = PBXFileReference; fileEncoding = 4; lastKnownFileType = sourcecode.c.h; path = xf.h; sourceTree = "<group>"; };
		1C88EE6122D3A91400A2EF7A /* xVec3.h */ = {isa = PBXFileReference; fileEncoding = 4; lastKnownFileType = sourcecode.c.h; path = xVec3.h; sourceTree = "<group>"; };
		1C88EE6222D3A91400A2EF7A /* x9F32.h */ = {isa = PBXFileReference; fileEncoding = 4; lastKnownFileType = sourcecode.c.h; path = x9F32.h; sourceTree = "<group>"; };
		1C88EE6322D3A91400A2EF7A /* xMat34.h */ = {isa = PBXFileReference; fileEncoding = 4; lastKnownFileType = sourcecode.c.h; path = xMat34.h; sourceTree = "<group>"; };
		1C88EE6422D3A91400A2EF7A /* xVec2.h */ = {isa = PBXFileReference; fileEncoding = 4; lastKnownFileType = sourcecode.c.h; path = xVec2.h; sourceTree = "<group>"; };
		1C88EE6522D3A91400A2EF7A /* xMat33.h */ = {isa = PBXFileReference; fileEncoding = 4; lastKnownFileType = sourcecode.c.h; path = xMat33.h; sourceTree = "<group>"; };
		1C88EE6622D3A91400A2EF7A /* MathTypes.h */ = {isa = PBXFileReference; fileEncoding = 4; lastKnownFileType = sourcecode.c.h; path = MathTypes.h; sourceTree = "<group>"; };
		1C88EE6722D3A91400A2EF7A /* xVec3.cpp */ = {isa = PBXFileReference; fileEncoding = 4; lastKnownFileType = sourcecode.cpp.cpp; path = xVec3.cpp; sourceTree = "<group>"; };
		1C88EE6822D3A91400A2EF7A /* x.h */ = {isa = PBXFileReference; fileEncoding = 4; lastKnownFileType = sourcecode.c.h; path = x.h; sourceTree = "<group>"; };
		1C88EE6922D3A91400A2EF7A /* stb_image.h */ = {isa = PBXFileReference; fileEncoding = 4; lastKnownFileType = sourcecode.c.h; path = stb_image.h; sourceTree = "<group>"; };
		1C88EE6A22D3A91400A2EF7A /* SCGround.h */ = {isa = PBXFileReference; fileEncoding = 4; lastKnownFileType = sourcecode.c.h; path = SCGround.h; sourceTree = "<group>"; };
		1C88EE6B22D3A91400A2EF7A /* SCFastCutoffMesh.h */ = {isa = PBXFileReference; fileEncoding = 4; lastKnownFileType = sourcecode.c.h; path = SCFastCutoffMesh.h; sourceTree = "<group>"; };
		1C88EE6C22D3A91400A2EF7A /* SCDisplay.cpp */ = {isa = PBXFileReference; fileEncoding = 4; lastKnownFileType = sourcecode.cpp.cpp; path = SCDisplay.cpp; sourceTree = "<group>"; };
		1C88EE6D22D3A91400A2EF7A /* SCSparkles.cpp */ = {isa = PBXFileReference; fileEncoding = 4; lastKnownFileType = sourcecode.cpp.cpp; path = SCSparkles.cpp; sourceTree = "<group>"; };
		1C88EE6E22D3A91400A2EF7A /* SCRenderScene.hpp */ = {isa = PBXFileReference; fileEncoding = 4; lastKnownFileType = sourcecode.cpp.h; path = SCRenderScene.hpp; sourceTree = "<group>"; };
		1C88EE6F22D3A91400A2EF7A /* SCParticleLayer.h */ = {isa = PBXFileReference; fileEncoding = 4; lastKnownFileType = sourcecode.c.h; path = SCParticleLayer.h; sourceTree = "<group>"; };
		1C88EE7022D3A91400A2EF7A /* glTextureLoader.cpp */ = {isa = PBXFileReference; fileEncoding = 4; lastKnownFileType = sourcecode.cpp.cpp; path = glTextureLoader.cpp; sourceTree = "<group>"; };
		1C88EE7122D3A91400A2EF7A /* SCSettings.h */ = {isa = PBXFileReference; fileEncoding = 4; lastKnownFileType = sourcecode.c.h; path = SCSettings.h; sourceTree = "<group>"; };
		1C88EE7222D3A91400A2EF7A /* SCSceneManager.h */ = {isa = PBXFileReference; fileEncoding = 4; lastKnownFileType = sourcecode.c.h; path = SCSceneManager.h; sourceTree = "<group>"; };
		1C88EE7322D3A91400A2EF7A /* SCGLFWDisplay.cpp */ = {isa = PBXFileReference; fileEncoding = 4; lastKnownFileType = sourcecode.cpp.cpp; path = SCGLFWDisplay.cpp; sourceTree = "<group>"; };
		1C88EE7422D3A91400A2EF7A /* SCVegetation.h */ = {isa = PBXFileReference; fileEncoding = 4; lastKnownFileType = sourcecode.c.h; path = SCVegetation.h; sourceTree = "<group>"; };
		1C88EE7522D3A91400A2EF7A /* SCEntity.cpp */ = {isa = PBXFileReference; fileEncoding = 4; lastKnownFileType = sourcecode.cpp.cpp; path = SCEntity.cpp; sourceTree = "<group>"; };
		1C88EE7622D3A91400A2EF7A /* EnumOptionMacro.hpp */ = {isa = PBXFileReference; fileEncoding = 4; lastKnownFileType = sourcecode.cpp.h; path = EnumOptionMacro.hpp; sourceTree = "<group>"; };
		1C88EE7722D3A91400A2EF7A /* SCGLFWInput.cpp */ = {isa = PBXFileReference; fileEncoding = 4; lastKnownFileType = sourcecode.cpp.cpp; path = SCGLFWInput.cpp; sourceTree = "<group>"; };
		1C88EE7822D3A91400A2EF7A /* SCBonus.h */ = {isa = PBXFileReference; fileEncoding = 4; lastKnownFileType = sourcecode.c.h; path = SCBonus.h; sourceTree = "<group>"; };
		1C88EE7922D3A91400A2EF7A /* SCInputInterface.h */ = {isa = PBXFileReference; fileEncoding = 4; lastKnownFileType = sourcecode.c.h; path = SCInputInterface.h; sourceTree = "<group>"; };
		1C88EE7A22D3A91400A2EF7A /* ShaderProgram.cpp */ = {isa = PBXFileReference; fileEncoding = 4; lastKnownFileType = sourcecode.cpp.cpp; path = ShaderProgram.cpp; sourceTree = "<group>"; };
		1C88EE7B22D3A91400A2EF7A /* SCAudio.cpp */ = {isa = PBXFileReference; fileEncoding = 4; lastKnownFileType = sourcecode.cpp.cpp; path = SCAudio.cpp; sourceTree = "<group>"; };
		1C88EE7F22D3A91400A2EF7A /* glMatrix4x4.hpp */ = {isa = PBXFileReference; fileEncoding = 4; lastKnownFileType = sourcecode.cpp.h; path = glMatrix4x4.hpp; sourceTree = "<group>"; };
		1C88EE8022D3A91400A2EF7A /* SCOpenGLRenderer.h */ = {isa = PBXFileReference; fileEncoding = 4; lastKnownFileType = sourcecode.c.h; path = SCOpenGLRenderer.h; sourceTree = "<group>"; };
		1C88EE8122D3A91400A2EF7A /* SCBulletManager.h */ = {isa = PBXFileReference; fileEncoding = 4; lastKnownFileType = sourcecode.c.h; path = SCBulletManager.h; sourceTree = "<group>"; };
		1C88EE8222D3A91400A2EF7A /* SCNonCopyable.hpp */ = {isa = PBXFileReference; fileEncoding = 4; lastKnownFileType = sourcecode.cpp.h; path = SCNonCopyable.hpp; sourceTree = "<group>"; };
		1C88EE8322D3A91400A2EF7A /* SCEntity.h */ = {isa = PBXFileReference; fileEncoding = 4; lastKnownFileType = sourcecode.c.h; path = SCEntity.h; sourceTree = "<group>"; };
		1C88EE8422D3A91400A2EF7A /* nuklear_glfw_gl3.h */ = {isa = PBXFileReference; fileEncoding = 4; lastKnownFileType = sourcecode.c.h; path = nuklear_glfw_gl3.h; sourceTree = "<group>"; };
		1C88EE8522D3A91400A2EF7A /* SCSettings.cpp */ = {isa = PBXFileReference; fileEncoding = 4; lastKnownFileType = sourcecode.cpp.cpp; path = SCSettings.cpp; sourceTree = "<group>"; };
		1C88EE8622D3A91400A2EF7A /* SCAudio.h */ = {isa = PBXFileReference; fileEncoding = 4; lastKnownFileType = sourcecode.c.h; path = SCAudio.h; sourceTree = "<group>"; };
		1C88EE8722D3A91400A2EF7A /* SCMenuScene.hpp */ = {isa = PBXFileReference; fileEncoding = 4; lastKnownFileType = sourcecode.cpp.h; path = SCMenuScene.hpp; sourceTree = "<group>"; };
		1C88EE8822D3A91400A2EF7A /* SCOpenGLRenderer.cpp */ = {isa = PBXFileReference; fileEncoding = 4; lastKnownFileType = sourcecode.cpp.cpp; path = SCOpenGLRenderer.cpp; sourceTree = "<group>"; };
		1C88EE8922D3A91400A2EF7A /* Core-pch.cpp */ = {isa = PBXFileReference; fileEncoding = 4; lastKnownFileType = sourcecode.cpp.cpp; path = "Core-pch.cpp"; sourceTree = "<group>"; };
		1C88EE8A22D3A91400A2EF7A /* SCApplication.cpp */ = {isa = PBXFileReference; fileEncoding = 4; lastKnownFileType = sourcecode.cpp.cpp; path = SCApplication.cpp; sourceTree = "<group>"; };
		1C88EE8B22D3A91400A2EF7A /* BasePathExtraction.hpp */ = {isa = PBXFileReference; fileEncoding = 4; lastKnownFileType = sourcecode.cpp.h; path = BasePathExtraction.hpp; sourceTree = "<group>"; };
		1C88EE8C22D3A91400A2EF7A /* SCRenderer.h */ = {isa = PBXFileReference; fileEncoding = 4; lastKnownFileType = sourcecode.c.h; path = SCRenderer.h; sourceTree = "<group>"; };
		1C88EE8D22D3A91400A2EF7A /* SCSettingsScene.hpp */ = {isa = PBXFileReference; fileEncoding = 4; lastKnownFileType = sourcecode.cpp.h; path = SCSettingsScene.hpp; sourceTree = "<group>"; };
		1C88EE8E22D3A91400A2EF7A /* SCNewGameScene.hpp */ = {isa = PBXFileReference; fileEncoding = 4; lastKnownFileType = sourcecode.cpp.h; path = SCNewGameScene.hpp; sourceTree = "<group>"; };
		1C88EEB022D3A9A200A2EF7A /* SagaCross.cpp */ = {isa = PBXFileReference; fileEncoding = 4; lastKnownFileType = sourcecode.cpp.cpp; name = SagaCross.cpp; path = ../SagaCross/SagaCross.cpp; sourceTree = "<group>"; };
		1C88EEB322D3AAB200A2EF7A /* OpenGL.framework */ = {isa = PBXFileReference; lastKnownFileType = wrapper.framework; name = OpenGL.framework; path = System/Library/Frameworks/OpenGL.framework; sourceTree = SDKROOT; };
		1C88EEB522D3AAF800A2EF7A /* libfmodL.dylib */ = {isa = PBXFileReference; lastKnownFileType = "compiled.mach-o.dylib"; name = libfmodL.dylib; path = ../../libraries/FMOD/lib/macOS/libfmodL.dylib; sourceTree = "<group>"; };
		1C88EEB622D3AAF800A2EF7A /* libfmod.dylib */ = {isa = PBXFileReference; lastKnownFileType = "compiled.mach-o.dylib"; name = libfmod.dylib; path = ../../libraries/FMOD/lib/macOS/libfmod.dylib; sourceTree = "<group>"; };
		1C88EEB922D3B9E100A2EF7A /* SCVehicle.cpp */ = {isa = PBXFileReference; lastKnownFileType = sourcecode.cpp.cpp; path = SCVehicle.cpp; sourceTree = "<group>"; };
		1C88EEBB22D3C17200A2EF7A /* SCTank.cpp */ = {isa = PBXFileReference; lastKnownFileType = sourcecode.cpp.cpp; path = SCTank.cpp; sourceTree = "<group>"; };
		1C88EEBD22D3C75600A2EF7A /* libGLEW.a */ = {isa = PBXFileReference; lastKnownFileType = archive.ar; name = libGLEW.a; path = ../../../../../../../usr/local/lib/libGLEW.a; sourceTree = "<group>"; };
		1C88EEBF22D3C75A00A2EF7A /* libglfw3.a */ = {isa = PBXFileReference; lastKnownFileType = archive.ar; name = libglfw3.a; path = ../../../../../../../usr/local/lib/libglfw3.a; sourceTree = "<group>"; };
		1C88EEC122D3C7D500A2EF7A /* Cocoa.framework */ = {isa = PBXFileReference; lastKnownFileType = wrapper.framework; name = Cocoa.framework; path = System/Library/Frameworks/Cocoa.framework; sourceTree = SDKROOT; };
		1C88EEC322D3C7E300A2EF7A /* IOKit.framework */ = {isa = PBXFileReference; lastKnownFileType = wrapper.framework; name = IOKit.framework; path = System/Library/Frameworks/IOKit.framework; sourceTree = SDKROOT; };
		1C88EEC522D3C7EB00A2EF7A /* CoreVideo.framework */ = {isa = PBXFileReference; lastKnownFileType = wrapper.framework; name = CoreVideo.framework; path = System/Library/Frameworks/CoreVideo.framework; sourceTree = SDKROOT; };
		1C88EEC722D3EED500A2EF7A /* SCRenderer.cpp */ = {isa = PBXFileReference; lastKnownFileType = sourcecode.cpp.cpp; path = SCRenderer.cpp; sourceTree = "<group>"; };
		1CDAD2C822E34D4100E07043 /* SCDebugScene.cpp */ = {isa = PBXFileReference; fileEncoding = 4; lastKnownFileType = sourcecode.cpp.cpp; path = SCDebugScene.cpp; sourceTree = "<group>"; };
		1CDAD2C922E34D4100E07043 /* SCDebugScene.hpp */ = {isa = PBXFileReference; fileEncoding = 4; lastKnownFileType = sourcecode.cpp.h; path = SCDebugScene.hpp; sourceTree = "<group>"; };
/* End PBXFileReference section */

/* Begin PBXFrameworksBuildPhase section */
		1C88EE1922D39F9800A2EF7A /* Frameworks */ = {
			isa = PBXFrameworksBuildPhase;
			buildActionMask = 2147483647;
			files = (
				1C88EEC622D3C7EB00A2EF7A /* CoreVideo.framework in Frameworks */,
				1C88EEC422D3C7E300A2EF7A /* IOKit.framework in Frameworks */,
				1C88EEC222D3C7D500A2EF7A /* Cocoa.framework in Frameworks */,
				1C88EEB422D3AAB200A2EF7A /* OpenGL.framework in Frameworks */,
				1C88EEBE22D3C75600A2EF7A /* libGLEW.a in Frameworks */,
				1C88EEC022D3C75A00A2EF7A /* libglfw3.a in Frameworks */,
				1C88EEB722D3AAF800A2EF7A /* libfmodL.dylib in Frameworks */,
				1C88EEB822D3AAF800A2EF7A /* libfmod.dylib in Frameworks */,
			);
			runOnlyForDeploymentPostprocessing = 0;
		};
/* End PBXFrameworksBuildPhase section */

/* Begin PBXGroup section */
		1C88EE1322D39F9800A2EF7A = {
			isa = PBXGroup;
			children = (
				1C88EE1E22D39F9800A2EF7A /* SagaCross */,
				1C88EE1D22D39F9800A2EF7A /* Products */,
				1C88EEB222D3AAB100A2EF7A /* Frameworks */,
			);
			sourceTree = "<group>";
		};
		1C88EE1D22D39F9800A2EF7A /* Products */ = {
			isa = PBXGroup;
			children = (
				1C88EE1C22D39F9800A2EF7A /* SagaCross */,
			);
			name = Products;
			sourceTree = "<group>";
		};
		1C88EE1E22D39F9800A2EF7A /* SagaCross */ = {
			isa = PBXGroup;
			children = (
				1C88EE2622D3A91400A2EF7A /* source */,
			);
			path = SagaCross;
			sourceTree = "<group>";
		};
		1C88EE2622D3A91400A2EF7A /* source */ = {
			isa = PBXGroup;
			children = (
				1CDAD2C822E34D4100E07043 /* SCDebugScene.cpp */,
				1CDAD2C922E34D4100E07043 /* SCDebugScene.hpp */,
				1C88EE2722D3A91400A2EF7A /* SCFastWaterMesh.h */,
				1C88EE2822D3A91400A2EF7A /* SCVehicle.hpp */,
				1C88EE2922D3A91400A2EF7A /* SCTank.h */,
				1C88EE2A22D3A91400A2EF7A /* SCSphere.h */,
				1C88EE2B22D3A91400A2EF7A /* SCCamera.h */,
				1C88EE2C22D3A91400A2EF7A /* glMatrix4x4.cpp */,
				1C88EE2D22D3A91400A2EF7A /* SCRandomMeshPoint.h */,
				1C88EE2E22D3A91400A2EF7A /* SCRendererInterface.h */,
				1C88EE3822D3A91400A2EF7A /* SCApplication.h */,
				1C88EE3922D3A91400A2EF7A /* SCMeshInstanceManager.h */,
				1C88EE3A22D3A91400A2EF7A /* SCFastMesh.h */,
				1C88EE3B22D3A91400A2EF7A /* SCGLFWDisplay.h */,
				1C88EE3C22D3A91400A2EF7A /* SCSparkles.h */,
				1C88EE3D22D3A91400A2EF7A /* SCBaseScene.hpp */,
				1C88EE3E22D3A91400A2EF7A /* SCDisplay.h */,
				1C88EE3F22D3A91400A2EF7A /* json.hpp */,
				1C88EE4022D3A91400A2EF7A /* SCMenuScene.cpp */,
				1C88EE4122D3A91400A2EF7A /* Core-pch.hpp */,
				1C88EE4222D3A91400A2EF7A /* BasePathExtraction.cpp */,
				1C88EEB022D3A9A200A2EF7A /* SagaCross.cpp */,
				1C88EE4322D3A91400A2EF7A /* growable_array.h */,
				1C88EE4422D3A91400A2EF7A /* SCSettingsScene.cpp */,
				1C88EE4522D3A91400A2EF7A /* SCNewGameScene.cpp */,
				1C88EE4622D3A91400A2EF7A /* SCGLFWInput.h */,
				1C88EE4722D3A91400A2EF7A /* SCFrustum.hpp */,
				1C88EE4822D3A91400A2EF7A /* SCRenderScene.cpp */,
				1C88EE4922D3A91400A2EF7A /* glTextureLoader.hpp */,
				1C88EE4A22D3A91400A2EF7A /* SCRenderable.h */,
				1C88EE4B22D3A91400A2EF7A /* nuklear.h */,
				1C88EE4C22D3A91400A2EF7A /* Timer */,
				1C88EE5522D3A91400A2EF7A /* SCHeightMap.h */,
				1C88EE5622D3A91400A2EF7A /* SCSceneManager.cpp */,
				1C88EE5722D3A91400A2EF7A /* SCFastAnimatedMesh.h */,
				1C88EE5822D3A91400A2EF7A /* ShaderProgram.hpp */,
				1C88EE5922D3A91400A2EF7A /* SCFastOceanMesh.h */,
				1C88EE5A22D3A91400A2EF7A /* Math */,
				1C88EE6922D3A91400A2EF7A /* stb_image.h */,
				1C88EE6A22D3A91400A2EF7A /* SCGround.h */,
				1C88EE6B22D3A91400A2EF7A /* SCFastCutoffMesh.h */,
				1C88EE6C22D3A91400A2EF7A /* SCDisplay.cpp */,
				1C88EE6D22D3A91400A2EF7A /* SCSparkles.cpp */,
				1C88EE6E22D3A91400A2EF7A /* SCRenderScene.hpp */,
				1C88EE6F22D3A91400A2EF7A /* SCParticleLayer.h */,
				1C88EE7022D3A91400A2EF7A /* glTextureLoader.cpp */,
				1C88EE7122D3A91400A2EF7A /* SCSettings.h */,
				1C88EE7222D3A91400A2EF7A /* SCSceneManager.h */,
				1C88EE7322D3A91400A2EF7A /* SCGLFWDisplay.cpp */,
				1C88EE7422D3A91400A2EF7A /* SCVegetation.h */,
				1C88EE7522D3A91400A2EF7A /* SCEntity.cpp */,
				1C88EE7622D3A91400A2EF7A /* EnumOptionMacro.hpp */,
				1C88EE7722D3A91400A2EF7A /* SCGLFWInput.cpp */,
				1C88EE7822D3A91400A2EF7A /* SCBonus.h */,
				1C88EE7922D3A91400A2EF7A /* SCInputInterface.h */,
				1C88EE7A22D3A91400A2EF7A /* ShaderProgram.cpp */,
				1C88EE7B22D3A91400A2EF7A /* SCAudio.cpp */,
				1C88EE7F22D3A91400A2EF7A /* glMatrix4x4.hpp */,
				1C88EE8022D3A91400A2EF7A /* SCOpenGLRenderer.h */,
				1C88EE8122D3A91400A2EF7A /* SCBulletManager.h */,
				1C88EE8222D3A91400A2EF7A /* SCNonCopyable.hpp */,
				1C88EE8322D3A91400A2EF7A /* SCEntity.h */,
				1C88EE8422D3A91400A2EF7A /* nuklear_glfw_gl3.h */,
				1C88EE8522D3A91400A2EF7A /* SCSettings.cpp */,
				1C88EE8622D3A91400A2EF7A /* SCAudio.h */,
				1C88EE8722D3A91400A2EF7A /* SCMenuScene.hpp */,
				1C88EE8822D3A91400A2EF7A /* SCOpenGLRenderer.cpp */,
				1C88EE8922D3A91400A2EF7A /* Core-pch.cpp */,
				1C88EE8A22D3A91400A2EF7A /* SCApplication.cpp */,
				1C88EE8B22D3A91400A2EF7A /* BasePathExtraction.hpp */,
				1C88EE8C22D3A91400A2EF7A /* SCRenderer.h */,
				1C88EE8D22D3A91400A2EF7A /* SCSettingsScene.hpp */,
				1C88EE8E22D3A91400A2EF7A /* SCNewGameScene.hpp */,
				1C88EEB922D3B9E100A2EF7A /* SCVehicle.cpp */,
				1C88EEBB22D3C17200A2EF7A /* SCTank.cpp */,
				1C88EEC722D3EED500A2EF7A /* SCRenderer.cpp */,
			);
			name = source;
			path = ../../../source;
			sourceTree = "<group>";
		};
		1C88EE4C22D3A91400A2EF7A /* Timer */ = {
			isa = PBXGroup;
			children = (
				1C88EE4D22D3A91400A2EF7A /* GameTimer.hpp */,
				1C88EE4F22D3A91400A2EF7A /* DarwinTimer.cpp */,
				1C88EE5122D3A91400A2EF7A /* DarwinTimer.hpp */,
				1C88EE5322D3A91400A2EF7A /* GameTimer.cpp */,
			);
			path = Timer;
			sourceTree = "<group>";
		};
		1C88EE5A22D3A91400A2EF7A /* Math */ = {
			isa = PBXGroup;
			children = (
				1C88EE5B22D3A91400A2EF7A /* xMath.h */,
				1C88EE5C22D3A91400A2EF7A /* xSimpleTypes.h */,
				1C88EE5D22D3A91400A2EF7A /* xPlane.h */,
				1C88EE5E22D3A91400A2EF7A /* xQuat.h */,
				1C88EE5F22D3A91400A2EF7A /* xMath.cpp */,
				1C88EE6022D3A91400A2EF7A /* xf.h */,
				1C88EE6122D3A91400A2EF7A /* xVec3.h */,
				1C88EE6222D3A91400A2EF7A /* x9F32.h */,
				1C88EE6322D3A91400A2EF7A /* xMat34.h */,
				1C88EE6422D3A91400A2EF7A /* xVec2.h */,
				1C88EE6522D3A91400A2EF7A /* xMat33.h */,
				1C88EE6622D3A91400A2EF7A /* MathTypes.h */,
				1C88EE6722D3A91400A2EF7A /* xVec3.cpp */,
				1C88EE6822D3A91400A2EF7A /* x.h */,
			);
			path = Math;
			sourceTree = "<group>";
		};
		1C88EEB222D3AAB100A2EF7A /* Frameworks */ = {
			isa = PBXGroup;
			children = (
				1C88EEC522D3C7EB00A2EF7A /* CoreVideo.framework */,
				1C88EEC322D3C7E300A2EF7A /* IOKit.framework */,
				1C88EEC122D3C7D500A2EF7A /* Cocoa.framework */,
				1C88EEBF22D3C75A00A2EF7A /* libglfw3.a */,
				1C88EEBD22D3C75600A2EF7A /* libGLEW.a */,
				1C88EEB622D3AAF800A2EF7A /* libfmod.dylib */,
				1C88EEB522D3AAF800A2EF7A /* libfmodL.dylib */,
				1C88EEB322D3AAB200A2EF7A /* OpenGL.framework */,
			);
			name = Frameworks;
			sourceTree = "<group>";
		};
/* End PBXGroup section */

/* Begin PBXNativeTarget section */
		1C88EE1B22D39F9800A2EF7A /* SagaCross */ = {
			isa = PBXNativeTarget;
			buildConfigurationList = 1C88EE2322D39F9800A2EF7A /* Build configuration list for PBXNativeTarget "SagaCross" */;
			buildPhases = (
				1C88EE1822D39F9800A2EF7A /* Sources */,
				1C88EE1922D39F9800A2EF7A /* Frameworks */,
				1C88EE1A22D39F9800A2EF7A /* CopyFiles */,
			);
			buildRules = (
			);
			dependencies = (
			);
			name = SagaCross;
			productName = SagaCross;
			productReference = 1C88EE1C22D39F9800A2EF7A /* SagaCross */;
			productType = "com.apple.product-type.tool";
		};
/* End PBXNativeTarget section */

/* Begin PBXProject section */
		1C88EE1422D39F9800A2EF7A /* Project object */ = {
			isa = PBXProject;
			attributes = {
				LastUpgradeCheck = 1020;
				ORGANIZATIONNAME = "Marcin Małysz";
				TargetAttributes = {
					1C88EE1B22D39F9800A2EF7A = {
						CreatedOnToolsVersion = 10.2.1;
					};
				};
			};
			buildConfigurationList = 1C88EE1722D39F9800A2EF7A /* Build configuration list for PBXProject "SagaCross" */;
			compatibilityVersion = "Xcode 9.3";
			developmentRegion = en;
			hasScannedForEncodings = 0;
			knownRegions = (
				en,
			);
			mainGroup = 1C88EE1322D39F9800A2EF7A;
			productRefGroup = 1C88EE1D22D39F9800A2EF7A /* Products */;
			projectDirPath = "";
			projectRoot = "";
			targets = (
				1C88EE1B22D39F9800A2EF7A /* SagaCross */,
			);
		};
/* End PBXProject section */

/* Begin PBXSourcesBuildPhase section */
		1C88EE1822D39F9800A2EF7A /* Sources */ = {
			isa = PBXSourcesBuildPhase;
			buildActionMask = 2147483647;
			files = (
				1CDAD2CA22E34D4200E07043 /* SCDebugScene.cpp in Sources */,
				1C88EE8F22D3A91400A2EF7A /* glMatrix4x4.cpp in Sources */,
				1C88EE9722D3A91400A2EF7A /* SCMenuScene.cpp in Sources */,
				1C88EEA022D3A91400A2EF7A /* SCSceneManager.cpp in Sources */,
				1C88EEAF22D3A91400A2EF7A /* SCApplication.cpp in Sources */,
				1C88EEB122D3A9A200A2EF7A /* SagaCross.cpp in Sources */,
				1C88EEC822D3EED500A2EF7A /* SCRenderer.cpp in Sources */,
				1C88EE9822D3A91400A2EF7A /* BasePathExtraction.cpp in Sources */,
				1C88EE9F22D3A91400A2EF7A /* GameTimer.cpp in Sources */,
				1C88EEA622D3A91400A2EF7A /* SCGLFWDisplay.cpp in Sources */,
				1C88EE9B22D3A91400A2EF7A /* SCRenderScene.cpp in Sources */,
				1C88EEAD22D3A91400A2EF7A /* SCOpenGLRenderer.cpp in Sources */,
				1C88EE9922D3A91400A2EF7A /* SCSettingsScene.cpp in Sources */,
				1C88EEBA22D3B9E100A2EF7A /* SCVehicle.cpp in Sources */,
				1C88EEA422D3A91400A2EF7A /* SCSparkles.cpp in Sources */,
				1C88EEA122D3A91400A2EF7A /* xMath.cpp in Sources */,
				1C88EEAE22D3A91400A2EF7A /* Core-pch.cpp in Sources */,
				1C88EEBC22D3C17200A2EF7A /* SCTank.cpp in Sources */,
				1C88EEA922D3A91400A2EF7A /* ShaderProgram.cpp in Sources */,
				1C88EEAA22D3A91400A2EF7A /* SCAudio.cpp in Sources */,
				1C88EE9D22D3A91400A2EF7A /* DarwinTimer.cpp in Sources */,
				1C88EEA222D3A91400A2EF7A /* xVec3.cpp in Sources */,
				1C88EEA522D3A91400A2EF7A /* glTextureLoader.cpp in Sources */,
				1C88EEA822D3A91400A2EF7A /* SCGLFWInput.cpp in Sources */,
				1C88EE9A22D3A91400A2EF7A /* SCNewGameScene.cpp in Sources */,
				1C88EEA722D3A91400A2EF7A /* SCEntity.cpp in Sources */,
				1C88EEAC22D3A91400A2EF7A /* SCSettings.cpp in Sources */,
				1C88EEA322D3A91400A2EF7A /* SCDisplay.cpp in Sources */,
			);
			runOnlyForDeploymentPostprocessing = 0;
		};
/* End PBXSourcesBuildPhase section */

/* Begin XCBuildConfiguration section */
		1C88EE2122D39F9800A2EF7A /* Debug */ = {
			isa = XCBuildConfiguration;
			buildSettings = {
				ALWAYS_SEARCH_USER_PATHS = NO;
				CLANG_ANALYZER_NONNULL = YES;
				CLANG_ANALYZER_NUMBER_OBJECT_CONVERSION = YES_AGGRESSIVE;
				CLANG_CXX_LANGUAGE_STANDARD = "gnu++14";
				CLANG_CXX_LIBRARY = "libc++";
				CLANG_ENABLE_MODULES = YES;
				CLANG_ENABLE_OBJC_ARC = YES;
				CLANG_ENABLE_OBJC_WEAK = YES;
				CLANG_WARN_BLOCK_CAPTURE_AUTORELEASING = YES;
				CLANG_WARN_BOOL_CONVERSION = YES;
				CLANG_WARN_COMMA = YES;
				CLANG_WARN_CONSTANT_CONVERSION = YES;
				CLANG_WARN_DEPRECATED_OBJC_IMPLEMENTATIONS = YES;
				CLANG_WARN_DIRECT_OBJC_ISA_USAGE = YES_ERROR;
				CLANG_WARN_DOCUMENTATION_COMMENTS = YES;
				CLANG_WARN_EMPTY_BODY = YES;
				CLANG_WARN_ENUM_CONVERSION = YES;
				CLANG_WARN_INFINITE_RECURSION = YES;
				CLANG_WARN_INT_CONVERSION = YES;
				CLANG_WARN_NON_LITERAL_NULL_CONVERSION = YES;
				CLANG_WARN_OBJC_IMPLICIT_RETAIN_SELF = YES;
				CLANG_WARN_OBJC_LITERAL_CONVERSION = YES;
				CLANG_WARN_OBJC_ROOT_CLASS = YES_ERROR;
				CLANG_WARN_RANGE_LOOP_ANALYSIS = YES;
				CLANG_WARN_STRICT_PROTOTYPES = YES;
				CLANG_WARN_SUSPICIOUS_MOVE = YES;
				CLANG_WARN_UNGUARDED_AVAILABILITY = YES_AGGRESSIVE;
				CLANG_WARN_UNREACHABLE_CODE = YES;
				CLANG_WARN__DUPLICATE_METHOD_MATCH = YES;
				CODE_SIGN_IDENTITY = "Mac Developer";
				COPY_PHASE_STRIP = NO;
				DEBUG_INFORMATION_FORMAT = dwarf;
				ENABLE_STRICT_OBJC_MSGSEND = YES;
				ENABLE_TESTABILITY = YES;
				GCC_C_LANGUAGE_STANDARD = gnu11;
				GCC_DYNAMIC_NO_PIC = NO;
				GCC_NO_COMMON_BLOCKS = YES;
				GCC_OPTIMIZATION_LEVEL = 0;
				GCC_PREPROCESSOR_DEFINITIONS = (
					"DEBUG=1",
					"$(inherited)",
				);
				GCC_WARN_64_TO_32_BIT_CONVERSION = YES;
				GCC_WARN_ABOUT_RETURN_TYPE = YES_ERROR;
				GCC_WARN_UNDECLARED_SELECTOR = YES;
				GCC_WARN_UNINITIALIZED_AUTOS = YES_AGGRESSIVE;
				GCC_WARN_UNUSED_FUNCTION = YES;
				GCC_WARN_UNUSED_VARIABLE = YES;
				MACOSX_DEPLOYMENT_TARGET = 10.14;
				MTL_ENABLE_DEBUG_INFO = INCLUDE_SOURCE;
				MTL_FAST_MATH = YES;
				ONLY_ACTIVE_ARCH = YES;
				SDKROOT = macosx;
			};
			name = Debug;
		};
		1C88EE2222D39F9800A2EF7A /* Release */ = {
			isa = XCBuildConfiguration;
			buildSettings = {
				ALWAYS_SEARCH_USER_PATHS = NO;
				CLANG_ANALYZER_NONNULL = YES;
				CLANG_ANALYZER_NUMBER_OBJECT_CONVERSION = YES_AGGRESSIVE;
				CLANG_CXX_LANGUAGE_STANDARD = "gnu++14";
				CLANG_CXX_LIBRARY = "libc++";
				CLANG_ENABLE_MODULES = YES;
				CLANG_ENABLE_OBJC_ARC = YES;
				CLANG_ENABLE_OBJC_WEAK = YES;
				CLANG_WARN_BLOCK_CAPTURE_AUTORELEASING = YES;
				CLANG_WARN_BOOL_CONVERSION = YES;
				CLANG_WARN_COMMA = YES;
				CLANG_WARN_CONSTANT_CONVERSION = YES;
				CLANG_WARN_DEPRECATED_OBJC_IMPLEMENTATIONS = YES;
				CLANG_WARN_DIRECT_OBJC_ISA_USAGE = YES_ERROR;
				CLANG_WARN_DOCUMENTATION_COMMENTS = YES;
				CLANG_WARN_EMPTY_BODY = YES;
				CLANG_WARN_ENUM_CONVERSION = YES;
				CLANG_WARN_INFINITE_RECURSION = YES;
				CLANG_WARN_INT_CONVERSION = YES;
				CLANG_WARN_NON_LITERAL_NULL_CONVERSION = YES;
				CLANG_WARN_OBJC_IMPLICIT_RETAIN_SELF = YES;
				CLANG_WARN_OBJC_LITERAL_CONVERSION = YES;
				CLANG_WARN_OBJC_ROOT_CLASS = YES_ERROR;
				CLANG_WARN_RANGE_LOOP_ANALYSIS = YES;
				CLANG_WARN_STRICT_PROTOTYPES = YES;
				CLANG_WARN_SUSPICIOUS_MOVE = YES;
				CLANG_WARN_UNGUARDED_AVAILABILITY = YES_AGGRESSIVE;
				CLANG_WARN_UNREACHABLE_CODE = YES;
				CLANG_WARN__DUPLICATE_METHOD_MATCH = YES;
				CODE_SIGN_IDENTITY = "Mac Developer";
				COPY_PHASE_STRIP = NO;
				DEBUG_INFORMATION_FORMAT = "dwarf-with-dsym";
				ENABLE_NS_ASSERTIONS = NO;
				ENABLE_STRICT_OBJC_MSGSEND = YES;
				GCC_C_LANGUAGE_STANDARD = gnu11;
				GCC_NO_COMMON_BLOCKS = YES;
				GCC_WARN_64_TO_32_BIT_CONVERSION = YES;
				GCC_WARN_ABOUT_RETURN_TYPE = YES_ERROR;
				GCC_WARN_UNDECLARED_SELECTOR = YES;
				GCC_WARN_UNINITIALIZED_AUTOS = YES_AGGRESSIVE;
				GCC_WARN_UNUSED_FUNCTION = YES;
				GCC_WARN_UNUSED_VARIABLE = YES;
				MACOSX_DEPLOYMENT_TARGET = 10.14;
				MTL_ENABLE_DEBUG_INFO = NO;
				MTL_FAST_MATH = YES;
				SDKROOT = macosx;
			};
			name = Release;
		};
		1C88EE2422D39F9800A2EF7A /* Debug */ = {
			isa = XCBuildConfiguration;
			buildSettings = {
				CLANG_WARN_COMMA = NO;
				CLANG_WARN_DOCUMENTATION_COMMENTS = NO;
				CODE_SIGN_STYLE = Automatic;
				DEVELOPMENT_TEAM = 5TSZE6ES9Y;
				FRAMEWORK_SEARCH_PATHS = "";
				HEADER_SEARCH_PATHS = (
					/usr/local/include/,
					"$(SRCROOT)/../../libraries/FMOD/inc/",
				);
				LIBRARY_SEARCH_PATHS = (
					/usr/local/lib/,
					"$(SRCROOT)/../../libraries/FMOD/lib/macOS/",
				);
				MACOSX_DEPLOYMENT_TARGET = 10.13;
				PRODUCT_NAME = "$(TARGET_NAME)";
			};
			name = Debug;
		};
		1C88EE2522D39F9800A2EF7A /* Release */ = {
			isa = XCBuildConfiguration;
			buildSettings = {
				CLANG_WARN_COMMA = NO;
				CLANG_WARN_DOCUMENTATION_COMMENTS = NO;
				CODE_SIGN_STYLE = Automatic;
				DEVELOPMENT_TEAM = 5TSZE6ES9Y;
				FRAMEWORK_SEARCH_PATHS = "";
				HEADER_SEARCH_PATHS = (
					/usr/local/include/,
					"$(SRCROOT)/../../libraries/FMOD/inc/",
				);
				LIBRARY_SEARCH_PATHS = (
					/usr/local/lib/,
					"$(SRCROOT)/../../libraries/FMOD/lib/macOS/",
				);
				MACOSX_DEPLOYMENT_TARGET = 10.13;
				PRODUCT_NAME = "$(TARGET_NAME)";
			};
			name = Release;
		};
/* End XCBuildConfiguration section */

/* Begin XCConfigurationList section */
		1C88EE1722D39F9800A2EF7A /* Build configuration list for PBXProject "SagaCross" */ = {
			isa = XCConfigurationList;
			buildConfigurations = (
				1C88EE2122D39F9800A2EF7A /* Debug */,
				1C88EE2222D39F9800A2EF7A /* Release */,
			);
			defaultConfigurationIsVisible = 0;
			defaultConfigurationName = Release;
		};
		1C88EE2322D39F9800A2EF7A /* Build configuration list for PBXNativeTarget "SagaCross" */ = {
			isa = XCConfigurationList;
			buildConfigurations = (
				1C88EE2422D39F9800A2EF7A /* Debug */,
				1C88EE2522D39F9800A2EF7A /* Release */,
			);
			defaultConfigurationIsVisible = 0;
			defaultConfigurationName = Release;
		};
/* End XCConfigurationList section */
	};
	rootObject = 1C88EE1422D39F9800A2EF7A /* Project object */;
}
